<?xml version="1.0" encoding="utf-8"?>
<Project ToolsVersion="4.0" xmlns="http://schemas.microsoft.com/developer/msbuild/2003">
  <ItemGroup>
    <ClCompile Include="FileName.cpp">
      <Filter>Old</Filter>
    </ClCompile>
    <ClCompile Include="FrameTimer.cpp">
      <Filter>Old</Filter>
    </ClCompile>
    <ClCompile Include="main.cpp">
      <Filter>Source</Filter>
    </ClCompile>
    <ClCompile Include="SplashScreen.cpp">
      <Filter>Source</Filter>
    </ClCompile>
    <ClCompile Include="MainMenu.cpp">
      <Filter>Source</Filter>
    </ClCompile>
    <ClCompile Include="audioManager.cpp">
      <Filter>Source</Filter>
    </ClCompile>
    <ClCompile Include="Graphics.cpp">
      <Filter>GameLogic</Filter>
    </ClCompile>
    <ClCompile Include="CustomShapes.cpp">
      <Filter>GameLogic</Filter>
    </ClCompile>
    <ClCompile Include="Ball.cpp">
      <Filter>GameLogic</Filter>
    </ClCompile>
    <ClCompile Include="Obstacle.cpp">
      <Filter>GameLogic</Filter>
    </ClCompile>
    <ClCompile Include="Paddle.cpp">
      <Filter>GameLogic</Filter>
    </ClCompile>
    <ClCompile Include="Polygon.cpp">
      <Filter>GameLogic</Filter>
    </ClCompile>
    <ClCompile Include="Input.cpp">
      <Filter>Helper</Filter>
    </ClCompile>
    <ClCompile Include="Cactus.cpp">
      <Filter>GameLogic</Filter>
    </ClCompile>
    <ClCompile Include="background.cpp">
      <Filter>Source</Filter>
    </ClCompile>
  </ItemGroup>
  <ItemGroup>
    <Filter Include="Headers">
      <UniqueIdentifier>{492e7768-f3df-4d5c-b034-4380222cedc7}</UniqueIdentifier>
    </Filter>
    <Filter Include="Old">
      <UniqueIdentifier>{cc2dfcc9-4e17-4fa1-a2d0-2b255ea4f0fb}</UniqueIdentifier>
    </Filter>
    <Filter Include="Source">
      <UniqueIdentifier>{245c904a-7ae0-4242-a847-777bc36602ce}</UniqueIdentifier>
    </Filter>
    <Filter Include="GameLogic">
      <UniqueIdentifier>{94377176-0e73-4290-8719-225887d9fd80}</UniqueIdentifier>
    </Filter>
    <Filter Include="Helper">
      <UniqueIdentifier>{6cd2fecc-6cfb-4e56-bb19-9024ded37ea8}</UniqueIdentifier>
    </Filter>
  </ItemGroup>
  <ItemGroup>
    <ClInclude Include="FrameTimer.h">
      <Filter>Old</Filter>
    </ClInclude>
    <ClInclude Include="SplashScreen.h">
      <Filter>Headers</Filter>
    </ClInclude>
    <ClInclude Include="MainMenu.h">
      <Filter>Headers</Filter>
    </ClInclude>
    <ClInclude Include="audioManager.h">
      <Filter>Headers</Filter>
    </ClInclude>
    <ClInclude Include="Graphics.h">
      <Filter>GameLogic</Filter>
    </ClInclude>
    <ClInclude Include="CustomShapes.h">
      <Filter>GameLogic</Filter>
    </ClInclude>
    <ClInclude Include="Ball.h">
      <Filter>GameLogic</Filter>
    </ClInclude>
    <ClInclude Include="Obstacle.h">
      <Filter>GameLogic</Filter>
    </ClInclude>
    <ClInclude Include="Paddle.h">
      <Filter>GameLogic</Filter>
    </ClInclude>
    <ClInclude Include="Polygon.h">
      <Filter>GameLogic</Filter>
    </ClInclude>
    <ClInclude Include="Input.h">
      <Filter>Helper</Filter>
    </ClInclude>
    <ClInclude Include="Cactus.h">
      <Filter>GameLogic</Filter>
    </ClInclude>
    <ClInclude Include="background.h">
      <Filter>Headers</Filter>
    </ClInclude>
  </ItemGroup>
</Project>